{
  "name": "moddable-express",
  "version": "0.1.0",
  "lockfileVersion": 3,
  "requires": true,
  "packages": {
    "": {
      "name": "moddable-express",
      "version": "0.1.0",
      "license": "ISC",
      "devDependencies": {
        "@moddable/typings": "^5.5.0",
        "prettier": "3.5.1",
        "typescript": "^5.7.0"
      }
    },
    "node_modules/@moddable/typings": {
      "version": "5.12.0",
      "resolved": "https://registry.npmjs.org/@moddable/typings/-/typings-5.12.0.tgz",
      "integrity": "sha512-lozY6g8rY5pIPCGq+PtQUMl5KZZ/KkLXQ/joSPv3z7ca7R0PNwLVP+chPA0SNH19k3Otl5Rtntql2w6eK4O7YA==",
      "dev": true,
      "license": "ISC"
    },
    "node_modules/prettier": {
      "version": "3.5.1",
      "resolved": "https://registry.npmjs.org/prettier/-/prettier-3.5.1.tgz",
      "integrity": "sha512-hPpFQvHwL3Qv5AdRvBFMhnKo4tYxp0ReXiPn2bxkiohEX6mBeBwEpBSQTkD458RaaDKQMYSp4hX4UtfUTA5wDw==",
      "dev": true,
      "license": "MIT",
      "bin": {
        "prettier": "bin/prettier.cjs"
      },
      "engines": {
        "node": ">=14"
      },
      "funding": {
        "url": "https://github.com/prettier/prettier?sponsor=1"
      }
    },
    "node_modules/typescript": {
      "version": "5.9.3",
      "resolved": "https://registry.npmjs.org/typescript/-/typescript-5.9.3.tgz",
      "integrity": "sha512-jl1vZzPDinLr9eUt3J/t7V6FgNEw9QjvBPdysz9KfQDD41fQrC2Y4vKQdiaUpFT4bXlb1RHhLpp8wtm6M5TgSw==",
      "dev": true,
      "license": "Apache-2.0",
      "bin": {
        "tsc": "bin/tsc",
        "tsserver": "bin/tsserver"
      },
      "engines": {
        "node": ">=14.17"
      }
    }
  }
}
