{
  "name": "web-server",
  "version": "1.0.0",
  "lockfileVersion": 3,
  "requires": true,
  "packages": {
    "": {
      "name": "web-server",
      "version": "1.0.0",
      "license": "ISC",
      "devDependencies": {
        "@moddable/typings": "^5.4.1",
        "prettier": "3.5.1"
      }
    },
    "node_modules/@moddable/typings": {
      "version": "5.4.1",
      "resolved": "https://registry.npmjs.org/@moddable/typings/-/typings-5.4.1.tgz",
      "integrity": "sha512-j50T6zhKOPYbvIRokzIqWNev+Vmc6noZ9Xtqp/NhIHpXkYIT38plzaaezx8ug2eKUk18yowSMRHPhMmnQvTB6A==",
      "dev": true,
      "license": "ISC"
    },
    "node_modules/prettier": {
      "version": "3.5.1",
      "resolved": "https://registry.npmjs.org/prettier/-/prettier-3.5.1.tgz",
      "integrity": "sha512-hPpFQvHwL3Qv5AdRvBFMhnKo4tYxp0ReXiPn2bxkiohEX6mBeBwEpBSQTkD458RaaDKQMYSp4hX4UtfUTA5wDw==",
      "dev": true,
      "license": "MIT",
      "bin": {
        "prettier": "bin/prettier.cjs"
      },
      "engines": {
        "node": ">=14"
      },
      "funding": {
        "url": "https://github.com/prettier/prettier?sponsor=1"
      }
    }
  }
}
