{
  "name": "web-server",
  "version": "1.0.0",
  "lockfileVersion": 3,
  "requires": true,
  "packages": {
    "": {
      "name": "web-server",
      "version": "1.0.0",
      "license": "ISC",
      "dependencies": {
        "@moddable/typings": "^5.4.1"
      }
    },
    "node_modules/@moddable/typings": {
      "version": "5.4.1",
      "resolved": "https://registry.npmjs.org/@moddable/typings/-/typings-5.4.1.tgz",
      "integrity": "sha512-j50T6zhKOPYbvIRokzIqWNev+Vmc6noZ9Xtqp/NhIHpXkYIT38plzaaezx8ug2eKUk18yowSMRHPhMmnQvTB6A==",
      "license": "ISC"
    }
  }
}
